
Microsoft Visual Studio Solution File, Format Version 12.00
# Visual Studio 15
VisualStudioVersion = 15.0.28307.271
MinimumVisualStudioVersion = 10.0.40219.1
Project("{FAE04EC0-301F-11D3-BF4B-00C04F79EFBC}") = "AgiliWebMvc", "AgiliWebMvc\AgiliWebMvc.csproj", "{C720565B-F552-410D-8E61-6FA9840B7975}"
EndProject
Global
	GlobalSection(SolutionConfigurationPlatforms) = preSolution
		Debug|Any CPU = Debug|Any CPU
		Release|Any CPU = Release|Any CPU
	EndGlobalSection
	GlobalSection(ProjectConfigurationPlatforms) = postSolution
		{C720565B-F552-410D-8E61-6FA9840B7975}.Debug|Any CPU.ActiveCfg = Debug|Any CPU
		{C720565B-F552-410D-8E61-6FA9840B7975}.Debug|Any CPU.Build.0 = Debug|Any CPU
		{C720565B-F552-410D-8E61-6FA9840B7975}.Release|Any CPU.ActiveCfg = Release|Any CPU
		{C720565B-F552-410D-8E61-6FA9840B7975}.Release|Any CPU.Build.0 = Release|Any CPU
	EndGlobalSection
	GlobalSection(SolutionProperties) = preSolution
		HideSolutionNode = FALSE
	EndGlobalSection
	GlobalSection(ExtensibilityGlobals) = postSolution
		SolutionGuid = {027B186D-E25D-4EF9-A31B-572B032D2FAE}
	EndGlobalSection
EndGlobal
